{
  "version": 4,
  "terraform_version": "1.15.5",
  "serial": 47,
  "lineage": "3a63db9d-b95d-72a1-fa12-85f4cd27b786",
  "outputs": {
    "nameservers": {
      "value": [
        "jaxson.ns.cloudflare.com",
        "simone.ns.cloudflare.com"
      ],
      "type": [
        "list",
        "string"
      ]
    },
    "staging_tunnel_id": {
      "value": "b81011f5-14e0-4ffc-a0d8-6fa5b18b16e5",
      "type": "string"
    },
    "staging_tunnel_token": {
      "value": "eyJhIjoiMmEyYmIxMWRjZmJmZDkzY2Y3M2JkMjk0NjZlNGM4ZWYiLCJzIjoia1hkODZGV2lvalhmUTZUVi9lTWsxQlJJYnF1RzBtNEhHWVB5amcvZ2FMazhMckk9IiwidCI6ImI4MTAxMWY1LTE0ZTAtNGZmYy1hMGQ4LTZmYTViMThiMTZlNSJ9",
      "type": "string",
      "sensitive": true
    }
  },
  "resources": [
    {
      "mode": "managed",
      "type": "cloudflare_dns_record",
      "name": "dev_tunnel",
      "provider": "provider[\"registry.terraform.io/cloudflare/cloudflare\"]",
      "instances": [
        {
          "schema_version": 500,
          "attributes": {
            "comment": null,
            "comment_modified_on": null,
            "content": "4f488266-87ee-4593-a652-5349bb07d17a.cfargotunnel.com",
            "created_on": "2026-06-04T12:47:11Z",
            "data": null,
            "id": "d814c3d837d10bd4db0a0b1535568906",
            "meta": "{}",
            "modified_on": "2026-06-04T12:47:11Z",
            "name": "dev.operioz.com",
            "priority": null,
            "private_routing": null,
            "proxiable": true,
            "proxied": true,
            "settings": {
              "flatten_cname": false,
              "ipv4_only": false,
              "ipv6_only": false
            },
            "tags": [],
            "tags_modified_on": null,
            "ttl": 1,
            "type": "CNAME",
            "zone_id": "ad1ee36a5a114dd4ed9eb13695423323"
          },
          "sensitive_attributes": [],
          "identity_schema_version": 0,
          "dependencies": [
            "cloudflare_zero_trust_tunnel_cloudflared.dev",
            "cloudflare_zone.operioz",
            "random_id.dev_tunnel_secret"
          ]
        }
      ]
    },
    {
      "mode": "managed",
      "type": "cloudflare_dns_record",
      "name": "google_workspace_verify",
      "provider": "provider[\"registry.terraform.io/cloudflare/cloudflare\"]",
      "instances": [
        {
          "schema_version": 500,
          "attributes": {
            "comment": null,
            "comment_modified_on": null,
            "content": "gv-t64ewbq5mfcqaf.dv.googlehosted.com",
            "created_on": "2026-06-04T12:53:19Z",
            "data": null,
            "id": "1101f0e45f759255baacc900d5e2b898",
            "meta": "{}",
            "modified_on": "2026-06-04T12:53:19Z",
            "name": "qwmvwb3wsiwc.operioz.com",
            "priority": null,
            "private_routing": null,
            "proxiable": true,
            "proxied": false,
            "settings": {
              "flatten_cname": false,
              "ipv4_only": false,
              "ipv6_only": false
            },
            "tags": [],
            "tags_modified_on": null,
            "ttl": 1,
            "type": "CNAME",
            "zone_id": "ad1ee36a5a114dd4ed9eb13695423323"
          },
          "sensitive_attributes": [],
          "identity_schema_version": 0,
          "dependencies": [
            "cloudflare_zone.operioz"
          ]
        }
      ]
    },
    {
      "mode": "managed",
      "type": "cloudflare_dns_record",
      "name": "railway_verify_www",
      "provider": "provider[\"registry.terraform.io/cloudflare/cloudflare\"]",
      "instances": [
        {
          "schema_version": 500,
          "attributes": {
            "comment": null,
            "comment_modified_on": null,
            "content": "railway-verify=c2dc445831711d3807de10a30f1e5f48d26e60062d4ee556",
            "created_on": "2026-06-04T12:53:19Z",
            "data": null,
            "id": "6c99fe71d4b8d2a59d5238b92186423d",
            "meta": "{}",
            "modified_on": "2026-06-05T09:11:54Z",
            "name": "_railway-verify.www.operioz.com",
            "priority": null,
            "private_routing": null,
            "proxiable": false,
            "proxied": false,
            "settings": {
              "flatten_cname": null,
              "ipv4_only": null,
              "ipv6_only": null
            },
            "tags": [],
            "tags_modified_on": null,
            "ttl": 1,
            "type": "TXT",
            "zone_id": "ad1ee36a5a114dd4ed9eb13695423323"
          },
          "sensitive_attributes": [],
          "identity_schema_version": 0,
          "dependencies": [
            "cloudflare_zone.operioz"
          ]
        }
      ]
    },
    {
      "mode": "managed",
      "type": "cloudflare_dns_record",
      "name": "staging_backend",
      "provider": "provider[\"registry.terraform.io/cloudflare/cloudflare\"]",
      "instances": [
        {
          "schema_version": 500,
          "attributes": {
            "comment": null,
            "comment_modified_on": null,
            "content": "b81011f5-14e0-4ffc-a0d8-6fa5b18b16e5.cfargotunnel.com",
            "created_on": "2026-06-09T11:22:51Z",
            "data": null,
            "id": "37fa8c4407459b02f105fb5a9a0cbead",
            "meta": "{}",
            "modified_on": "2026-06-09T11:22:51Z",
            "name": "staging-backend.operioz.com",
            "priority": null,
            "private_routing": null,
            "proxiable": true,
            "proxied": true,
            "settings": {
              "flatten_cname": false,
              "ipv4_only": false,
              "ipv6_only": false
            },
            "tags": [],
            "tags_modified_on": null,
            "ttl": 1,
            "type": "CNAME",
            "zone_id": "ad1ee36a5a114dd4ed9eb13695423323"
          },
          "sensitive_attributes": [],
          "identity_schema_version": 0,
          "dependencies": [
            "cloudflare_zero_trust_tunnel_cloudflared.staging",
            "cloudflare_zone.operioz",
            "random_id.staging_tunnel_secret"
          ]
        }
      ]
    },
    {
      "mode": "managed",
      "type": "cloudflare_dns_record",
      "name": "staging_tunnel",
      "provider": "provider[\"registry.terraform.io/cloudflare/cloudflare\"]",
      "instances": [
        {
          "schema_version": 500,
          "attributes": {
            "comment": null,
            "comment_modified_on": null,
            "content": "artisan-staging.pages.dev",
            "created_on": "2026-06-04T12:47:11Z",
            "data": null,
            "id": "56f4700bb9e1396bb514d4ceb3f29a1b",
            "meta": "{}",
            "modified_on": "2026-06-09T11:25:10Z",
            "name": "staging.operioz.com",
            "priority": null,
            "private_routing": null,
            "proxiable": true,
            "proxied": true,
            "settings": {
              "flatten_cname": false,
              "ipv4_only": false,
              "ipv6_only": false
            },
            "tags": [],
            "tags_modified_on": null,
            "ttl": 1,
            "type": "CNAME",
            "zone_id": "ad1ee36a5a114dd4ed9eb13695423323"
          },
          "sensitive_attributes": [],
          "identity_schema_version": 0,
          "dependencies": [
            "cloudflare_zone.operioz"
          ]
        }
      ]
    },
    {
      "mode": "managed",
      "type": "cloudflare_zero_trust_access_application",
      "name": "dev",
      "provider": "provider[\"registry.terraform.io/cloudflare/cloudflare\"]",
      "instances": [
        {
          "schema_version": 500,
          "attributes": {
            "account_id": null,
            "allow_authenticate_via_warp": null,
            "allow_iframe": null,
            "allowed_idps": null,
            "app_launcher_logo_url": null,
            "app_launcher_visible": true,
            "aud": "21b04b4c19b2d4f488432bf86ed2901b31842d26ac3c314761816fdeccdccc77",
            "auto_redirect_to_identity": null,
            "bg_color": null,
            "cors_headers": null,
            "custom_deny_message": null,
            "custom_deny_url": null,
            "custom_non_identity_deny_url": null,
            "custom_pages": null,
            "destinations": [
              {
                "cidr": null,
                "hostname": null,
                "l4_protocol": null,
                "mcp_server_id": null,
                "port_range": null,
                "type": "public",
                "uri": "dev.operioz.com",
                "vnet_id": null
              }
            ],
            "domain": "dev.operioz.com",
            "enable_binding_cookie": null,
            "footer_links": null,
            "header_bg_color": null,
            "http_only_cookie_attribute": true,
            "id": "d23f18fa-05b2-45c1-8801-df9811d7fe7b",
            "landing_page_design": null,
            "logo_url": null,
            "mfa_config": null,
            "name": "Artisan Dev",
            "oauth_configuration": null,
            "options_preflight_bypass": null,
            "path_cookie_attribute": null,
            "policies": [],
            "read_service_tokens_from_header": null,
            "saas_app": null,
            "same_site_cookie_attribute": null,
            "scim_config": null,
            "self_hosted_domains": [
              "dev.operioz.com"
            ],
            "service_auth_401_redirect": null,
            "session_duration": "24h",
            "skip_app_launcher_login_page": null,
            "skip_interstitial": null,
            "tags": null,
            "target_criteria": null,
            "type": "self_hosted",
            "zone_id": "ad1ee36a5a114dd4ed9eb13695423323"
          },
          "sensitive_attributes": [],
          "identity_schema_version": 0,
          "dependencies": [
            "cloudflare_zero_trust_access_policy.dev_allow",
            "cloudflare_zone.operioz"
          ]
        }
      ]
    },
    {
      "mode": "managed",
      "type": "cloudflare_zero_trust_access_policy",
      "name": "dev_allow",
      "provider": "provider[\"registry.terraform.io/cloudflare/cloudflare\"]",
      "instances": [
        {
          "schema_version": 500,
          "attributes": {
            "account_id": "2a2bb11dcfbfd93cf73bd29466e4c8ef",
            "approval_groups": null,
            "approval_required": null,
            "connection_rules": null,
            "decision": "allow",
            "exclude": null,
            "id": "6a963a6c-e5a2-4ef7-b3ac-fb079b0f5d68",
            "include": [
              {
                "any_valid_service_token": null,
                "auth_context": null,
                "auth_method": null,
                "azure_ad": null,
                "certificate": null,
                "common_name": null,
                "device_posture": null,
                "email": {
                  "email": "dev@operioz.com"
                },
                "email_domain": null,
                "email_list": null,
                "everyone": null,
                "external_evaluation": null,
                "geo": null,
                "github_organization": null,
                "group": null,
                "gsuite": null,
                "ip": null,
                "ip_list": null,
                "linked_app_token": null,
                "login_method": null,
                "oidc": null,
                "okta": null,
                "saml": null,
                "service_token": null,
                "user_risk_score": null
              }
            ],
            "isolation_required": null,
            "mfa_config": null,
            "name": "Allow dev team",
            "purpose_justification_prompt": null,
            "purpose_justification_required": null,
            "require": null,
            "session_duration": "24h"
          },
          "sensitive_attributes": [],
          "identity_schema_version": 0
        }
      ]
    },
    {
      "mode": "managed",
      "type": "cloudflare_zero_trust_tunnel_cloudflared",
      "name": "dev",
      "provider": "provider[\"registry.terraform.io/cloudflare/cloudflare\"]",
      "instances": [
        {
          "schema_version": 500,
          "attributes": {
            "account_id": "2a2bb11dcfbfd93cf73bd29466e4c8ef",
            "account_tag": "2a2bb11dcfbfd93cf73bd29466e4c8ef",
            "config_src": "cloudflare",
            "connections": [
              {
                "client_id": "ce006413-68fb-44c2-94aa-5cbb96db9ac5",
                "client_version": "2026.5.2",
                "colo_name": "fra20",
                "id": "0419b380-7f6e-4f0b-a96a-eee4a1e6c7b2",
                "is_pending_reconnect": false,
                "opened_at": "2026-06-09T02:44:53Z",
                "origin_ip": "2001:41d0:700:1a37::1",
                "uuid": "0419b380-7f6e-4f0b-a96a-eee4a1e6c7b2"
              },
              {
                "client_id": "ce006413-68fb-44c2-94aa-5cbb96db9ac5",
                "client_version": "2026.5.2",
                "colo_name": "fra03",
                "id": "766b7bed-c7eb-4220-8491-bcf133b23fd1",
                "is_pending_reconnect": false,
                "opened_at": "2026-06-04T13:06:52Z",
                "origin_ip": "2001:41d0:700:1a37::1",
                "uuid": "766b7bed-c7eb-4220-8491-bcf133b23fd1"
              },
              {
                "client_id": "ce006413-68fb-44c2-94aa-5cbb96db9ac5",
                "client_version": "2026.5.2",
                "colo_name": "fra03",
                "id": "7d0d1562-6d82-4a0a-965b-9d4f9deaef15",
                "is_pending_reconnect": false,
                "opened_at": "2026-06-09T02:28:59Z",
                "origin_ip": "2001:41d0:700:1a37::1",
                "uuid": "7d0d1562-6d82-4a0a-965b-9d4f9deaef15"
              },
              {
                "client_id": "ce006413-68fb-44c2-94aa-5cbb96db9ac5",
                "client_version": "2026.5.2",
                "colo_name": "fra17",
                "id": "69e81372-69c7-495f-946c-e7bb710e3742",
                "is_pending_reconnect": false,
                "opened_at": "2026-06-04T13:06:54Z",
                "origin_ip": "2001:41d0:700:1a37::1",
                "uuid": "69e81372-69c7-495f-946c-e7bb710e3742"
              }
            ],
            "conns_active_at": "2026-06-04T13:06:52Z",
            "conns_inactive_at": null,
            "created_at": "2026-06-04T12:29:32Z",
            "deleted_at": null,
            "id": "4f488266-87ee-4593-a652-5349bb07d17a",
            "metadata": "{}",
            "name": "artisan-dev",
            "remote_config": true,
            "status": "healthy",
            "tun_type": "cfd_tunnel",
            "tunnel_secret": "q7X55h1VS63doBbwNDF9dCo6HchLi7KlFy93/MLgrPQ2aCA="
          },
          "sensitive_attributes": [
            [
              {
                "type": "get_attr",
                "value": "tunnel_secret"
              }
            ]
          ],
          "identity_schema_version": 0,
          "dependencies": [
            "random_id.dev_tunnel_secret"
          ]
        }
      ]
    },
    {
      "mode": "managed",
      "type": "cloudflare_zero_trust_tunnel_cloudflared",
      "name": "staging",
      "provider": "provider[\"registry.terraform.io/cloudflare/cloudflare\"]",
      "instances": [
        {
          "schema_version": 500,
          "attributes": {
            "account_id": "2a2bb11dcfbfd93cf73bd29466e4c8ef",
            "account_tag": "2a2bb11dcfbfd93cf73bd29466e4c8ef",
            "config_src": "cloudflare",
            "connections": [
              {
                "client_id": "fb8d22f5-c12d-4290-b0c5-f5bbe68be264",
                "client_version": "2026.5.2",
                "colo_name": "fra06",
                "id": "502bb1ce-847a-48f9-bbed-9c1adf589677",
                "is_pending_reconnect": false,
                "opened_at": "2026-06-05T09:13:43Z",
                "origin_ip": "135.125.222.55",
                "uuid": "502bb1ce-847a-48f9-bbed-9c1adf589677"
              },
              {
                "client_id": "fb8d22f5-c12d-4290-b0c5-f5bbe68be264",
                "client_version": "2026.5.2",
                "colo_name": "fra08",
                "id": "cc9df870-fe23-4f9d-ac21-1bd3f7ded24e",
                "is_pending_reconnect": false,
                "opened_at": "2026-06-05T09:13:43Z",
                "origin_ip": "135.125.222.55",
                "uuid": "cc9df870-fe23-4f9d-ac21-1bd3f7ded24e"
              },
              {
                "client_id": "fb8d22f5-c12d-4290-b0c5-f5bbe68be264",
                "client_version": "2026.5.2",
                "colo_name": "fra08",
                "id": "17528f33-9a37-4c94-a09a-af62378402d6",
                "is_pending_reconnect": false,
                "opened_at": "2026-06-05T09:13:44Z",
                "origin_ip": "135.125.222.55",
                "uuid": "17528f33-9a37-4c94-a09a-af62378402d6"
              },
              {
                "client_id": "fb8d22f5-c12d-4290-b0c5-f5bbe68be264",
                "client_version": "2026.5.2",
                "colo_name": "fra14",
                "id": "101d5b1d-f8fb-4c5f-9136-01b43a604ec9",
                "is_pending_reconnect": false,
                "opened_at": "2026-06-05T09:13:46Z",
                "origin_ip": "135.125.222.55",
                "uuid": "101d5b1d-f8fb-4c5f-9136-01b43a604ec9"
              }
            ],
            "conns_active_at": "2026-06-05T09:13:43Z",
            "conns_inactive_at": null,
            "created_at": "2026-06-04T12:29:32Z",
            "deleted_at": null,
            "id": "b81011f5-14e0-4ffc-a0d8-6fa5b18b16e5",
            "metadata": "{}",
            "name": "artisan-staging",
            "remote_config": true,
            "status": "healthy",
            "tun_type": "cfd_tunnel",
            "tunnel_secret": "kXd86FWiojXfQ6TV/eMk1BRIbquG0m4HGYPyjg/gaLk8LrI="
          },
          "sensitive_attributes": [
            [
              {
                "type": "get_attr",
                "value": "tunnel_secret"
              }
            ]
          ],
          "identity_schema_version": 0,
          "dependencies": [
            "random_id.staging_tunnel_secret"
          ]
        }
      ]
    },
    {
      "mode": "managed",
      "type": "cloudflare_zero_trust_tunnel_cloudflared_config",
      "name": "staging",
      "provider": "provider[\"registry.terraform.io/cloudflare/cloudflare\"]",
      "instances": [
        {
          "schema_version": 500,
          "attributes": {
            "account_id": "2a2bb11dcfbfd93cf73bd29466e4c8ef",
            "config": {
              "ingress": [
                {
                  "hostname": "staging.operioz.com",
                  "origin_request": null,
                  "path": null,
                  "service": "http://app:3000"
                },
                {
                  "hostname": "staging-backend.operioz.com",
                  "origin_request": null,
                  "path": null,
                  "service": "http://app:3000"
                },
                {
                  "hostname": null,
                  "origin_request": null,
                  "path": null,
                  "service": "http_status:404"
                }
              ],
              "origin_request": null
            },
            "created_at": "2026-06-09T11:22:50Z",
            "id": "b81011f5-14e0-4ffc-a0d8-6fa5b18b16e5",
            "source": "cloudflare",
            "tunnel_id": "b81011f5-14e0-4ffc-a0d8-6fa5b18b16e5",
            "version": 3
          },
          "sensitive_attributes": [],
          "identity_schema_version": 0,
          "dependencies": [
            "cloudflare_zero_trust_tunnel_cloudflared.staging",
            "random_id.staging_tunnel_secret"
          ]
        }
      ]
    },
    {
      "mode": "managed",
      "type": "cloudflare_zone",
      "name": "operioz",
      "provider": "provider[\"registry.terraform.io/cloudflare/cloudflare\"]",
      "instances": [
        {
          "schema_version": 500,
          "attributes": {
            "account": {
              "id": "2a2bb11dcfbfd93cf73bd29466e4c8ef"
            },
            "activated_on": "2026-06-04T12:57:41Z",
            "cname_suffix": null,
            "created_on": "2026-06-04T12:47:10Z",
            "development_mode": 0,
            "id": "ad1ee36a5a114dd4ed9eb13695423323",
            "meta": {
              "cdn_only": null,
              "custom_certificate_quota": 0,
              "dns_only": null,
              "foundation_dns": null,
              "page_rule_quota": 3,
              "phishing_detected": false,
              "step": 4
            },
            "modified_on": "2026-06-04T12:57:41Z",
            "name": "operioz.com",
            "name_servers": [
              "jaxson.ns.cloudflare.com",
              "simone.ns.cloudflare.com"
            ],
            "original_dnshost": null,
            "original_name_servers": [
              "dns200.anycast.me",
              "ns200.anycast.me"
            ],
            "original_registrar": "ovh sas (id: 433)",
            "owner": {
              "id": null,
              "name": null,
              "type": "user"
            },
            "paused": false,
            "permissions": [
              "#dns_records:edit",
              "#dns_records:read",
              "#zone:edit",
              "#zone:read",
              "#zone_settings:edit",
              "#zone_settings:read"
            ],
            "plan": {
              "can_subscribe": false,
              "currency": "USD",
              "externally_managed": false,
              "frequency": "",
              "id": "0feeeeeeeeeeeeeeeeeeeeeeeeeeeeee",
              "is_subscribed": false,
              "legacy_discount": false,
              "legacy_id": "free",
              "name": "Free Website",
              "price": 0
            },
            "status": "active",
            "tenant": {
              "id": null,
              "name": null
            },
            "tenant_unit": {
              "id": null
            },
            "type": "full",
            "vanity_name_servers": [],
            "verification_key": null
          },
          "sensitive_attributes": [],
          "identity_schema_version": 0
        }
      ]
    },
    {
      "mode": "managed",
      "type": "random_id",
      "name": "dev_tunnel_secret",
      "provider": "provider[\"registry.terraform.io/hashicorp/random\"]",
      "instances": [
        {
          "schema_version": 0,
          "attributes": {
            "b64_std": "q7X55h1VS63doBbwNDF9dCo6HchLi7KlFy93/MLgrPQ2aCA=",
            "b64_url": "q7X55h1VS63doBbwNDF9dCo6HchLi7KlFy93_MLgrPQ2aCA",
            "byte_length": 35,
            "dec": "1303036390164807768080058920078032699777851376414887880953561212108156311840790833184",
            "hex": "abb5f9e61d554baddda016f034317d742a3a1dc84b8bb2a5172f77fcc2e0acf4366820",
            "id": "q7X55h1VS63doBbwNDF9dCo6HchLi7KlFy93_MLgrPQ2aCA",
            "keepers": null,
            "prefix": null
          },
          "sensitive_attributes": [],
          "identity_schema_version": 0
        }
      ]
    },
    {
      "mode": "managed",
      "type": "random_id",
      "name": "staging_tunnel_secret",
      "provider": "provider[\"registry.terraform.io/hashicorp/random\"]",
      "instances": [
        {
          "schema_version": 0,
          "attributes": {
            "b64_std": "kXd86FWiojXfQ6TV/eMk1BRIbquG0m4HGYPyjg/gaLk8LrI=",
            "b64_url": "kXd86FWiojXfQ6TV_eMk1BRIbquG0m4HGYPyjg_gaLk8LrI",
            "byte_length": 35,
            "dec": "1103881755750705712277994617359101580856297674102507726613382605223306962057872289458",
            "hex": "91777ce855a2a235df43a4d5fde324d414486eab86d26e071983f28e0fe068b93c2eb2",
            "id": "kXd86FWiojXfQ6TV_eMk1BRIbquG0m4HGYPyjg_gaLk8LrI",
            "keepers": null,
            "prefix": null
          },
          "sensitive_attributes": [],
          "identity_schema_version": 0
        }
      ]
    }
  ],
  "check_results": null
}
